// !$*UTF8*$!
{
	archiveVersion = 1;
	classes = {
	};
	objectVersion = 46;
	objects = {

/* Begin PBXBuildFile section */
		C7806E131D04CF6E0068A5CF /* base_video_classifier.cpp in Sources */ = {isa = PBXBuildFile; fileRef = C7806E111D04CF6E0068A5CF /* base_video_classifier.cpp */; };
		C7806E161D04CF790068A5CF /* base_detector.cpp in Sources */ = {isa = PBXBuildFile; fileRef = C7806E141D04CF790068A5CF /* base_detector.cpp */; };
		C7C1DCCF1CE11AC300B6632C /* main.cpp in Sources */ = {isa = PBXBuildFile; fileRef = C7C1DCCE1CE11AC300B6632C /* main.cpp */; };
		C7C1DCD71CE13A7B00B6632C /* cascade.cpp in Sources */ = {isa = PBXBuildFile; fileRef = C7C1DCD51CE13A7B00B6632C /* cascade.cpp */; };
		C7F4510A1CFD354F003B1B53 /* video_classifier.cpp in Sources */ = {isa = PBXBuildFile; fileRef = C7F451081CFD354F003B1B53 /* video_classifier.cpp */; };
		C7F92EC41CFB0EF800D76D55 /* detector.cpp in Sources */ = {isa = PBXBuildFile; fileRef = C7F92EC21CFB0EF800D76D55 /* detector.cpp */; };
		C7F92EC71CFB192E00D76D55 /* detect_cascade.cpp in Sources */ = {isa = PBXBuildFile; fileRef = C7F92EC51CFB192E00D76D55 /* detect_cascade.cpp */; };
/* End PBXBuildFile section */

/* Begin PBXCopyFilesBuildPhase section */
		C7C1DCC91CE11AC300B6632C /* CopyFiles */ = {
			isa = PBXCopyFilesBuildPhase;
			buildActionMask = 2147483647;
			dstPath = /usr/share/man/man1/;
			dstSubfolderSpec = 0;
			files = (
			);
			runOnlyForDeploymentPostprocessing = 1;
		};
/* End PBXCopyFilesBuildPhase section */

/* Begin PBXFileReference section */
		C7806E111D04CF6E0068A5CF /* base_video_classifier.cpp */ = {isa = PBXFileReference; fileEncoding = 4; lastKnownFileType = sourcecode.cpp.cpp; path = base_video_classifier.cpp; sourceTree = "<group>"; };
		C7806E121D04CF6E0068A5CF /* base_video_classifier.hpp */ = {isa = PBXFileReference; fileEncoding = 4; lastKnownFileType = sourcecode.cpp.h; path = base_video_classifier.hpp; sourceTree = "<group>"; };
		C7806E141D04CF790068A5CF /* base_detector.cpp */ = {isa = PBXFileReference; fileEncoding = 4; lastKnownFileType = sourcecode.cpp.cpp; path = base_detector.cpp; sourceTree = "<group>"; };
		C7806E151D04CF790068A5CF /* base_detector.hpp */ = {isa = PBXFileReference; fileEncoding = 4; lastKnownFileType = sourcecode.cpp.h; path = base_detector.hpp; sourceTree = "<group>"; };
		C7C1DCCB1CE11AC300B6632C /* OpenCV-Test */ = {isa = PBXFileReference; explicitFileType = "compiled.mach-o.executable"; includeInIndex = 0; path = "OpenCV-Test"; sourceTree = BUILT_PRODUCTS_DIR; };
		C7C1DCCE1CE11AC300B6632C /* main.cpp */ = {isa = PBXFileReference; lastKnownFileType = sourcecode.cpp.cpp; path = main.cpp; sourceTree = "<group>"; };
		C7C1DCD51CE13A7B00B6632C /* cascade.cpp */ = {isa = PBXFileReference; fileEncoding = 4; lastKnownFileType = sourcecode.cpp.cpp; path = cascade.cpp; sourceTree = "<group>"; };
		C7C1DCD61CE13A7B00B6632C /* cascade.hpp */ = {isa = PBXFileReference; fileEncoding = 4; lastKnownFileType = sourcecode.cpp.h; path = cascade.hpp; sourceTree = "<group>"; };
		C7F451081CFD354F003B1B53 /* video_classifier.cpp */ = {isa = PBXFileReference; fileEncoding = 4; lastKnownFileType = sourcecode.cpp.cpp; path = video_classifier.cpp; sourceTree = "<group>"; };
		C7F451091CFD354F003B1B53 /* video_classifier.hpp */ = {isa = PBXFileReference; fileEncoding = 4; lastKnownFileType = sourcecode.cpp.h; path = video_classifier.hpp; sourceTree = "<group>"; };
		C7F92EC21CFB0EF800D76D55 /* detector.cpp */ = {isa = PBXFileReference; fileEncoding = 4; lastKnownFileType = sourcecode.cpp.cpp; path = detector.cpp; sourceTree = "<group>"; };
		C7F92EC31CFB0EF800D76D55 /* detector.hpp */ = {isa = PBXFileReference; fileEncoding = 4; lastKnownFileType = sourcecode.cpp.h; path = detector.hpp; sourceTree = "<group>"; };
		C7F92EC51CFB192E00D76D55 /* detect_cascade.cpp */ = {isa = PBXFileReference; fileEncoding = 4; lastKnownFileType = sourcecode.cpp.cpp; path = detect_cascade.cpp; sourceTree = "<group>"; };
		C7F92EC61CFB192E00D76D55 /* detect_cascade.hpp */ = {isa = PBXFileReference; fileEncoding = 4; lastKnownFileType = sourcecode.cpp.h; path = detect_cascade.hpp; sourceTree = "<group>"; };
/* End PBXFileReference section */

/* Begin PBXFrameworksBuildPhase section */
		C7C1DCC81CE11AC300B6632C /* Frameworks */ = {
			isa = PBXFrameworksBuildPhase;
			buildActionMask = 2147483647;
			files = (
			);
			runOnlyForDeploymentPostprocessing = 0;
		};
/* End PBXFrameworksBuildPhase section */

/* Begin PBXGroup section */
		C7C1DCC21CE11AC300B6632C = {
			isa = PBXGroup;
			children = (
				C7C1DCCD1CE11AC300B6632C /* OpenCV-Test */,
				C7C1DCCC1CE11AC300B6632C /* Products */,
			);
			sourceTree = "<group>";
		};
		C7C1DCCC1CE11AC300B6632C /* Products */ = {
			isa = PBXGroup;
			children = (
				C7C1DCCB1CE11AC300B6632C /* OpenCV-Test */,
			);
			name = Products;
			sourceTree = "<group>";
		};
		C7C1DCCD1CE11AC300B6632C /* OpenCV-Test */ = {
			isa = PBXGroup;
			children = (
				C7C1DCCE1CE11AC300B6632C /* main.cpp */,
				C7806E111D04CF6E0068A5CF /* base_video_classifier.cpp */,
				C7806E121D04CF6E0068A5CF /* base_video_classifier.hpp */,
				C7C1DCD51CE13A7B00B6632C /* cascade.cpp */,
				C7C1DCD61CE13A7B00B6632C /* cascade.hpp */,
				C7806E141D04CF790068A5CF /* base_detector.cpp */,
				C7806E151D04CF790068A5CF /* base_detector.hpp */,
				C7F92EC31CFB0EF800D76D55 /* detector.hpp */,
				C7F92EC21CFB0EF800D76D55 /* detector.cpp */,
				C7F92EC61CFB192E00D76D55 /* detect_cascade.hpp */,
				C7F92EC51CFB192E00D76D55 /* detect_cascade.cpp */,
				C7F451091CFD354F003B1B53 /* video_classifier.hpp */,
				C7F451081CFD354F003B1B53 /* video_classifier.cpp */,
			);
			path = "OpenCV-Test";
			sourceTree = "<group>";
		};
/* End PBXGroup section */

/* Begin PBXNativeTarget section */
		C7C1DCCA1CE11AC300B6632C /* OpenCV-Test */ = {
			isa = PBXNativeTarget;
			buildConfigurationList = C7C1DCD21CE11AC300B6632C /* Build configuration list for PBXNativeTarget "OpenCV-Test" */;
			buildPhases = (
				C7C1DCC71CE11AC300B6632C /* Sources */,
				C7C1DCC81CE11AC300B6632C /* Frameworks */,
				C7C1DCC91CE11AC300B6632C /* CopyFiles */,
			);
			buildRules = (
			);
			dependencies = (
			);
			name = "OpenCV-Test";
			productName = "OpenCV-Test";
			productReference = C7C1DCCB1CE11AC300B6632C /* OpenCV-Test */;
			productType = "com.apple.product-type.tool";
		};
/* End PBXNativeTarget section */

/* Begin PBXProject section */
		C7C1DCC31CE11AC300B6632C /* Project object */ = {
			isa = PBXProject;
			attributes = {
				LastUpgradeCheck = 0730;
				ORGANIZATIONNAME = "Andriy Bas";
				TargetAttributes = {
					C7C1DCCA1CE11AC300B6632C = {
						CreatedOnToolsVersion = 7.3.1;
					};
				};
			};
			buildConfigurationList = C7C1DCC61CE11AC300B6632C /* Build configuration list for PBXProject "OpenCV-Test" */;
			compatibilityVersion = "Xcode 3.2";
			developmentRegion = English;
			hasScannedForEncodings = 0;
			knownRegions = (
				en,
			);
			mainGroup = C7C1DCC21CE11AC300B6632C;
			productRefGroup = C7C1DCCC1CE11AC300B6632C /* Products */;
			projectDirPath = "";
			projectRoot = "";
			targets = (
				C7C1DCCA1CE11AC300B6632C /* OpenCV-Test */,
			);
		};
/* End PBXProject section */

/* Begin PBXSourcesBuildPhase section */
		C7C1DCC71CE11AC300B6632C /* Sources */ = {
			isa = PBXSourcesBuildPhase;
			buildActionMask = 2147483647;
			files = (
				C7F4510A1CFD354F003B1B53 /* video_classifier.cpp in Sources */,
				C7806E131D04CF6E0068A5CF /* base_video_classifier.cpp in Sources */,
				C7C1DCD71CE13A7B00B6632C /* cascade.cpp in Sources */,
				C7F92EC41CFB0EF800D76D55 /* detector.cpp in Sources */,
				C7C1DCCF1CE11AC300B6632C /* main.cpp in Sources */,
				C7F92EC71CFB192E00D76D55 /* detect_cascade.cpp in Sources */,
				C7806E161D04CF790068A5CF /* base_detector.cpp in Sources */,
			);
			runOnlyForDeploymentPostprocessing = 0;
		};
/* End PBXSourcesBuildPhase section */

/* Begin XCBuildConfiguration section */
		C7C1DCD01CE11AC300B6632C /* Debug */ = {
			isa = XCBuildConfiguration;
			buildSettings = {
				ALWAYS_SEARCH_USER_PATHS = NO;
				CLANG_ANALYZER_NONNULL = YES;
				CLANG_CXX_LANGUAGE_STANDARD = "gnu++0x";
				CLANG_CXX_LIBRARY = "libc++";
				CLANG_ENABLE_MODULES = YES;
				CLANG_ENABLE_OBJC_ARC = YES;
				CLANG_WARN_BOOL_CONVERSION = YES;
				CLANG_WARN_CONSTANT_CONVERSION = YES;
				CLANG_WARN_DIRECT_OBJC_ISA_USAGE = YES_ERROR;
				CLANG_WARN_EMPTY_BODY = YES;
				CLANG_WARN_ENUM_CONVERSION = YES;
				CLANG_WARN_INT_CONVERSION = YES;
				CLANG_WARN_OBJC_ROOT_CLASS = YES_ERROR;
				CLANG_WARN_UNREACHABLE_CODE = YES;
				CLANG_WARN__DUPLICATE_METHOD_MATCH = YES;
				CODE_SIGN_IDENTITY = "-";
				COPY_PHASE_STRIP = NO;
				DEBUG_INFORMATION_FORMAT = dwarf;
				ENABLE_STRICT_OBJC_MSGSEND = YES;
				ENABLE_TESTABILITY = YES;
				GCC_C_LANGUAGE_STANDARD = gnu99;
				GCC_DYNAMIC_NO_PIC = NO;
				GCC_NO_COMMON_BLOCKS = YES;
				GCC_OPTIMIZATION_LEVEL = 0;
				GCC_PREPROCESSOR_DEFINITIONS = (
					"DEBUG=1",
					"$(inherited)",
				);
				GCC_WARN_64_TO_32_BIT_CONVERSION = YES;
				GCC_WARN_ABOUT_RETURN_TYPE = YES_ERROR;
				GCC_WARN_UNDECLARED_SELECTOR = YES;
				GCC_WARN_UNINITIALIZED_AUTOS = YES_AGGRESSIVE;
				GCC_WARN_UNUSED_FUNCTION = YES;
				GCC_WARN_UNUSED_VARIABLE = YES;
				MACOSX_DEPLOYMENT_TARGET = 10.11;
				MTL_ENABLE_DEBUG_INFO = YES;
				ONLY_ACTIVE_ARCH = YES;
				SDKROOT = macosx;
			};
			name = Debug;
		};
		C7C1DCD11CE11AC300B6632C /* Release */ = {
			isa = XCBuildConfiguration;
			buildSettings = {
				ALWAYS_SEARCH_USER_PATHS = NO;
				CLANG_ANALYZER_NONNULL = YES;
				CLANG_CXX_LANGUAGE_STANDARD = "gnu++0x";
				CLANG_CXX_LIBRARY = "libc++";
				CLANG_ENABLE_MODULES = YES;
				CLANG_ENABLE_OBJC_ARC = YES;
				CLANG_WARN_BOOL_CONVERSION = YES;
				CLANG_WARN_CONSTANT_CONVERSION = YES;
				CLANG_WARN_DIRECT_OBJC_ISA_USAGE = YES_ERROR;
				CLANG_WARN_EMPTY_BODY = YES;
				CLANG_WARN_ENUM_CONVERSION = YES;
				CLANG_WARN_INT_CONVERSION = YES;
				CLANG_WARN_OBJC_ROOT_CLASS = YES_ERROR;
				CLANG_WARN_UNREACHABLE_CODE = YES;
				CLANG_WARN__DUPLICATE_METHOD_MATCH = YES;
				CODE_SIGN_IDENTITY = "-";
				COPY_PHASE_STRIP = NO;
				DEBUG_INFORMATION_FORMAT = "dwarf-with-dsym";
				ENABLE_NS_ASSERTIONS = NO;
				ENABLE_STRICT_OBJC_MSGSEND = YES;
				GCC_C_LANGUAGE_STANDARD = gnu99;
				GCC_NO_COMMON_BLOCKS = YES;
				GCC_WARN_64_TO_32_BIT_CONVERSION = YES;
				GCC_WARN_ABOUT_RETURN_TYPE = YES_ERROR;
				GCC_WARN_UNDECLARED_SELECTOR = YES;
				GCC_WARN_UNINITIALIZED_AUTOS = YES_AGGRESSIVE;
				GCC_WARN_UNUSED_FUNCTION = YES;
				GCC_WARN_UNUSED_VARIABLE = YES;
				MACOSX_DEPLOYMENT_TARGET = 10.11;
				MTL_ENABLE_DEBUG_INFO = NO;
				SDKROOT = macosx;
			};
			name = Release;
		};
		C7C1DCD31CE11AC300B6632C /* Debug */ = {
			isa = XCBuildConfiguration;
			buildSettings = {
				HEADER_SEARCH_PATHS = (
					"$(inherited)",
					/usr/local/include,
				);
				LIBRARY_SEARCH_PATHS = /usr/local/lib;
				OTHER_LDFLAGS = (
					"-lopencv_calib3d",
					"-lopencv_core",
					"-lopencv_features2d",
					"-lopencv_flann",
					"-lopencv_highgui",
					"-lopencv_imgcodecs",
					"-lopencv_imgproc",
					"-lopencv_ml",
					"-lopencv_objdetect",
					"-lopencv_photo",
					"-lopencv_shape",
					"-lopencv_stitching",
					"-lopencv_superres",
					"-lopencv_ts",
					"-lopencv_video",
					"-lopencv_videoio",
					"-lopencv_videostab",
				);
				PRODUCT_NAME = "$(TARGET_NAME)";
			};
			name = Debug;
		};
		C7C1DCD41CE11AC300B6632C /* Release */ = {
			isa = XCBuildConfiguration;
			buildSettings = {
				HEADER_SEARCH_PATHS = (
					"$(inherited)",
					/usr/local/include,
				);
				LIBRARY_SEARCH_PATHS = /usr/local/lib;
				OTHER_LDFLAGS = (
					"-lopencv_calib3d",
					"-lopencv_core",
					"-lopencv_features2d",
					"-lopencv_flann",
					"-lopencv_highgui",
					"-lopencv_imgcodecs",
					"-lopencv_imgproc",
					"-lopencv_ml",
					"-lopencv_objdetect",
					"-lopencv_photo",
					"-lopencv_shape",
					"-lopencv_stitching",
					"-lopencv_superres",
					"-lopencv_ts",
					"-lopencv_video",
					"-lopencv_videoio",
					"-lopencv_videostab",
				);
				PRODUCT_NAME = "$(TARGET_NAME)";
			};
			name = Release;
		};
/* End XCBuildConfiguration section */

/* Begin XCConfigurationList section */
		C7C1DCC61CE11AC300B6632C /* Build configuration list for PBXProject "OpenCV-Test" */ = {
			isa = XCConfigurationList;
			buildConfigurations = (
				C7C1DCD01CE11AC300B6632C /* Debug */,
				C7C1DCD11CE11AC300B6632C /* Release */,
			);
			defaultConfigurationIsVisible = 0;
			defaultConfigurationName = Release;
		};
		C7C1DCD21CE11AC300B6632C /* Build configuration list for PBXNativeTarget "OpenCV-Test" */ = {
			isa = XCConfigurationList;
			buildConfigurations = (
				C7C1DCD31CE11AC300B6632C /* Debug */,
				C7C1DCD41CE11AC300B6632C /* Release */,
			);
			defaultConfigurationIsVisible = 0;
			defaultConfigurationName = Release;
		};
/* End XCConfigurationList section */
	};
	rootObject = C7C1DCC31CE11AC300B6632C /* Project object */;
}
